
Microsoft Visual Studio Solution File, Format Version 12.00
# Visual Studio Version 17
VisualStudioVersion = 17.9.34607.119
MinimumVisualStudioVersion = 10.0.40219.1
Project("{FAE04EC0-301F-11D3-BF4B-00C04F79EFBC}") = "005_Lab2", "005_Lab2\005_Lab2.csproj", "{C852DF56-E239-4995-A3B9-C73D4E6AF306}"
EndProject
Global
	GlobalSection(SolutionConfigurationPlatforms) = preSolution
		Debug|Any CPU = Debug|Any CPU
		Release|Any CPU = Release|Any CPU
	EndGlobalSection
	GlobalSection(ProjectConfigurationPlatforms) = postSolution
		{C852DF56-E239-4995-A3B9-C73D4E6AF306}.Debug|Any CPU.ActiveCfg = Debug|Any CPU
		{C852DF56-E239-4995-A3B9-C73D4E6AF306}.Debug|Any CPU.Build.0 = Debug|Any CPU
		{C852DF56-E239-4995-A3B9-C73D4E6AF306}.Release|Any CPU.ActiveCfg = Release|Any CPU
		{C852DF56-E239-4995-A3B9-C73D4E6AF306}.Release|Any CPU.Build.0 = Release|Any CPU
	EndGlobalSection
	GlobalSection(SolutionProperties) = preSolution
		HideSolutionNode = FALSE
	EndGlobalSection
	GlobalSection(ExtensibilityGlobals) = postSolution
		SolutionGuid = {8CD576D7-FF2F-4909-963D-AF6DF884D6EF}
	EndGlobalSection
EndGlobal
