
Microsoft Visual Studio Solution File, Format Version 12.00
# Visual Studio Version 17
VisualStudioVersion = 17.9.34622.214
MinimumVisualStudioVersion = 10.0.40219.1
Project("{FAE04EC0-301F-11D3-BF4B-00C04F79EFBC}") = "Exam", "Exam\Exam.csproj", "{09EDCD86-8907-444C-AE78-90D8238B6072}"
EndProject
Global
	GlobalSection(SolutionConfigurationPlatforms) = preSolution
		Debug|Any CPU = Debug|Any CPU
		Release|Any CPU = Release|Any CPU
	EndGlobalSection
	GlobalSection(ProjectConfigurationPlatforms) = postSolution
		{09EDCD86-8907-444C-AE78-90D8238B6072}.Debug|Any CPU.ActiveCfg = Debug|Any CPU
		{09EDCD86-8907-444C-AE78-90D8238B6072}.Debug|Any CPU.Build.0 = Debug|Any CPU
		{09EDCD86-8907-444C-AE78-90D8238B6072}.Release|Any CPU.ActiveCfg = Release|Any CPU
		{09EDCD86-8907-444C-AE78-90D8238B6072}.Release|Any CPU.Build.0 = Release|Any CPU
	EndGlobalSection
	GlobalSection(SolutionProperties) = preSolution
		HideSolutionNode = FALSE
	EndGlobalSection
	GlobalSection(ExtensibilityGlobals) = postSolution
		SolutionGuid = {A7774720-C9A2-48FF-A7FB-7EC190A65028}
	EndGlobalSection
EndGlobal
