
Microsoft Visual Studio Solution File, Format Version 12.00
# Visual Studio Version 17
VisualStudioVersion = 17.9.34607.119
MinimumVisualStudioVersion = 10.0.40219.1
Project("{FAE04EC0-301F-11D3-BF4B-00C04F79EFBC}") = "006_Lab3", "006_Lab3\006_Lab3.csproj", "{DCDF0F3F-898C-4995-AFDB-32211A9BC8E6}"
EndProject
Global
	GlobalSection(SolutionConfigurationPlatforms) = preSolution
		Debug|Any CPU = Debug|Any CPU
		Release|Any CPU = Release|Any CPU
	EndGlobalSection
	GlobalSection(ProjectConfigurationPlatforms) = postSolution
		{DCDF0F3F-898C-4995-AFDB-32211A9BC8E6}.Debug|Any CPU.ActiveCfg = Debug|Any CPU
		{DCDF0F3F-898C-4995-AFDB-32211A9BC8E6}.Debug|Any CPU.Build.0 = Debug|Any CPU
		{DCDF0F3F-898C-4995-AFDB-32211A9BC8E6}.Release|Any CPU.ActiveCfg = Release|Any CPU
		{DCDF0F3F-898C-4995-AFDB-32211A9BC8E6}.Release|Any CPU.Build.0 = Release|Any CPU
	EndGlobalSection
	GlobalSection(SolutionProperties) = preSolution
		HideSolutionNode = FALSE
	EndGlobalSection
	GlobalSection(ExtensibilityGlobals) = postSolution
		SolutionGuid = {3577F19F-ADD8-47C1-B362-EB477D526439}
	EndGlobalSection
EndGlobal
