
Microsoft Visual Studio Solution File, Format Version 12.00
# Visual Studio Version 17
VisualStudioVersion = 17.9.34622.214
MinimumVisualStudioVersion = 10.0.40219.1
Project("{FAE04EC0-301F-11D3-BF4B-00C04F79EFBC}") = "ProjectKy3", "ProjectKy3\ProjectKy3.csproj", "{562B2357-B178-4BFB-81EB-01B546FFFCDF}"
EndProject
Global
	GlobalSection(SolutionConfigurationPlatforms) = preSolution
		Debug|Any CPU = Debug|Any CPU
		Release|Any CPU = Release|Any CPU
	EndGlobalSection
	GlobalSection(ProjectConfigurationPlatforms) = postSolution
		{562B2357-B178-4BFB-81EB-01B546FFFCDF}.Debug|Any CPU.ActiveCfg = Debug|Any CPU
		{562B2357-B178-4BFB-81EB-01B546FFFCDF}.Debug|Any CPU.Build.0 = Debug|Any CPU
		{562B2357-B178-4BFB-81EB-01B546FFFCDF}.Release|Any CPU.ActiveCfg = Release|Any CPU
		{562B2357-B178-4BFB-81EB-01B546FFFCDF}.Release|Any CPU.Build.0 = Release|Any CPU
	EndGlobalSection
	GlobalSection(SolutionProperties) = preSolution
		HideSolutionNode = FALSE
	EndGlobalSection
	GlobalSection(ExtensibilityGlobals) = postSolution
		SolutionGuid = {8AFD1171-CE54-4AA6-A0A5-1154D241D0D1}
	EndGlobalSection
EndGlobal
