
Microsoft Visual Studio Solution File, Format Version 12.00
# Visual Studio Version 17
VisualStudioVersion = 17.9.34607.119
MinimumVisualStudioVersion = 10.0.40219.1
Project("{FAE04EC0-301F-11D3-BF4B-00C04F79EFBC}") = "004_Lab1", "004_Lab1\004_Lab1.csproj", "{2AC37251-2175-4C87-95F6-4ACF1E37DFBA}"
EndProject
Global
	GlobalSection(SolutionConfigurationPlatforms) = preSolution
		Debug|Any CPU = Debug|Any CPU
		Release|Any CPU = Release|Any CPU
	EndGlobalSection
	GlobalSection(ProjectConfigurationPlatforms) = postSolution
		{2AC37251-2175-4C87-95F6-4ACF1E37DFBA}.Debug|Any CPU.ActiveCfg = Debug|Any CPU
		{2AC37251-2175-4C87-95F6-4ACF1E37DFBA}.Debug|Any CPU.Build.0 = Debug|Any CPU
		{2AC37251-2175-4C87-95F6-4ACF1E37DFBA}.Release|Any CPU.ActiveCfg = Release|Any CPU
		{2AC37251-2175-4C87-95F6-4ACF1E37DFBA}.Release|Any CPU.Build.0 = Release|Any CPU
	EndGlobalSection
	GlobalSection(SolutionProperties) = preSolution
		HideSolutionNode = FALSE
	EndGlobalSection
	GlobalSection(ExtensibilityGlobals) = postSolution
		SolutionGuid = {CCD6E22C-703A-4CFB-9751-182979209A38}
	EndGlobalSection
EndGlobal
